
Microsoft Visual Studio Solution File, Format Version 12.00
# Visual Studio 2013
VisualStudioVersion = 12.0.31101.0
MinimumVisualStudioVersion = 10.0.40219.1
Project("{FAE04EC0-301F-11D3-BF4B-00C04F79EFBC}") = "StudentSystem.Models", "StudentSystem.Models\StudentSystem.Models.csproj", "{CC75F69D-882E-4119-A84B-866F85BE8655}"
EndProject
Project("{FAE04EC0-301F-11D3-BF4B-00C04F79EFBC}") = "StudentSystem.Data", "StudentSystem.Data\StudentSystem.Data.csproj", "{9147FA26-F62A-4713-890B-5DE2B3A5602D}"
EndProject
Project("{FAE04EC0-301F-11D3-BF4B-00C04F79EFBC}") = "StudentSystem.ConsoleClient", "StudentSystem.ConsoleClient\StudentSystem.ConsoleClient.csproj", "{776E8B0E-999B-4836-BBF9-DEA60FF91E4B}"
EndProject
Global
	GlobalSection(SolutionConfigurationPlatforms) = preSolution
		Debug|Any CPU = Debug|Any CPU
		Release|Any CPU = Release|Any CPU
	EndGlobalSection
	GlobalSection(ProjectConfigurationPlatforms) = postSolution
		{CC75F69D-882E-4119-A84B-866F85BE8655}.Debug|Any CPU.ActiveCfg = Debug|Any CPU
		{CC75F69D-882E-4119-A84B-866F85BE8655}.Debug|Any CPU.Build.0 = Debug|Any CPU
		{CC75F69D-882E-4119-A84B-866F85BE8655}.Release|Any CPU.ActiveCfg = Release|Any CPU
		{CC75F69D-882E-4119-A84B-866F85BE8655}.Release|Any CPU.Build.0 = Release|Any CPU
		{9147FA26-F62A-4713-890B-5DE2B3A5602D}.Debug|Any CPU.ActiveCfg = Debug|Any CPU
		{9147FA26-F62A-4713-890B-5DE2B3A5602D}.Debug|Any CPU.Build.0 = Debug|Any CPU
		{9147FA26-F62A-4713-890B-5DE2B3A5602D}.Release|Any CPU.ActiveCfg = Release|Any CPU
		{9147FA26-F62A-4713-890B-5DE2B3A5602D}.Release|Any CPU.Build.0 = Release|Any CPU
		{776E8B0E-999B-4836-BBF9-DEA60FF91E4B}.Debug|Any CPU.ActiveCfg = Debug|Any CPU
		{776E8B0E-999B-4836-BBF9-DEA60FF91E4B}.Debug|Any CPU.Build.0 = Debug|Any CPU
		{776E8B0E-999B-4836-BBF9-DEA60FF91E4B}.Release|Any CPU.ActiveCfg = Release|Any CPU
		{776E8B0E-999B-4836-BBF9-DEA60FF91E4B}.Release|Any CPU.Build.0 = Release|Any CPU
	EndGlobalSection
	GlobalSection(SolutionProperties) = preSolution
		HideSolutionNode = FALSE
	EndGlobalSection
EndGlobal
