
Microsoft Visual Studio Solution File, Format Version 12.00
# Visual Studio 2013
VisualStudioVersion = 12.0.31101.0
MinimumVisualStudioVersion = 10.0.40219.1
Project("{FAE04EC0-301F-11D3-BF4B-00C04F79EFBC}") = "AtmSystem.Models", "AtmSystem.Models\AtmSystem.Models.csproj", "{CD03707F-18A1-48DE-B1CD-4CD12A4C4287}"
EndProject
Project("{FAE04EC0-301F-11D3-BF4B-00C04F79EFBC}") = "AtmSystem.Data", "AtmSystem.Data\AtmSystem.Data.csproj", "{04412102-DCD4-4A7E-9943-B7DBEE9A2B0E}"
EndProject
Project("{FAE04EC0-301F-11D3-BF4B-00C04F79EFBC}") = "AtmSystem.Client", "AtmSystem.Client\AtmSystem.Client.csproj", "{3D60ED45-1721-41DA-AA51-80D85E0D3839}"
EndProject
Global
	GlobalSection(SolutionConfigurationPlatforms) = preSolution
		Debug|Any CPU = Debug|Any CPU
		Release|Any CPU = Release|Any CPU
	EndGlobalSection
	GlobalSection(ProjectConfigurationPlatforms) = postSolution
		{CD03707F-18A1-48DE-B1CD-4CD12A4C4287}.Debug|Any CPU.ActiveCfg = Debug|Any CPU
		{CD03707F-18A1-48DE-B1CD-4CD12A4C4287}.Debug|Any CPU.Build.0 = Debug|Any CPU
		{CD03707F-18A1-48DE-B1CD-4CD12A4C4287}.Release|Any CPU.ActiveCfg = Release|Any CPU
		{CD03707F-18A1-48DE-B1CD-4CD12A4C4287}.Release|Any CPU.Build.0 = Release|Any CPU
		{04412102-DCD4-4A7E-9943-B7DBEE9A2B0E}.Debug|Any CPU.ActiveCfg = Debug|Any CPU
		{04412102-DCD4-4A7E-9943-B7DBEE9A2B0E}.Debug|Any CPU.Build.0 = Debug|Any CPU
		{04412102-DCD4-4A7E-9943-B7DBEE9A2B0E}.Release|Any CPU.ActiveCfg = Release|Any CPU
		{04412102-DCD4-4A7E-9943-B7DBEE9A2B0E}.Release|Any CPU.Build.0 = Release|Any CPU
		{3D60ED45-1721-41DA-AA51-80D85E0D3839}.Debug|Any CPU.ActiveCfg = Debug|Any CPU
		{3D60ED45-1721-41DA-AA51-80D85E0D3839}.Debug|Any CPU.Build.0 = Debug|Any CPU
		{3D60ED45-1721-41DA-AA51-80D85E0D3839}.Release|Any CPU.ActiveCfg = Release|Any CPU
		{3D60ED45-1721-41DA-AA51-80D85E0D3839}.Release|Any CPU.Build.0 = Release|Any CPU
	EndGlobalSection
	GlobalSection(SolutionProperties) = preSolution
		HideSolutionNode = FALSE
	EndGlobalSection
EndGlobal
