
Microsoft Visual Studio Solution File, Format Version 12.00
# Visual Studio 2013
VisualStudioVersion = 12.0.31101.0
MinimumVisualStudioVersion = 10.0.40219.1
Project("{9092AA53-FB77-4645-B42D-1CCCA6BD08BD}") = "ElementInsertion", "ElementInsertion\ElementInsertion.njsproj", "{556810E1-F488-450A-804C-1BD5F5DD9202}"
EndProject
Project("{9092AA53-FB77-4645-B42D-1CCCA6BD08BD}") = "BackgroundColorSwitch", "BackgroundColorSwitch\BackgroundColorSwitch.njsproj", "{5CAB8A79-7CE8-41C1-AE10-97D63D0228EC}"
EndProject
Project("{9092AA53-FB77-4645-B42D-1CCCA6BD08BD}") = "TableGenerator", "TableGenerator\TableGenerator.njsproj", "{C031241B-D621-470F-AF6E-24CDE623B779}"
EndProject
Project("{9092AA53-FB77-4645-B42D-1CCCA6BD08BD}") = "Slideshow", "Slideshow\Slideshow.njsproj", "{5268675D-BC51-4945-9660-EA3D379DE565}"
EndProject
Global
	GlobalSection(SolutionConfigurationPlatforms) = preSolution
		Debug|Any CPU = Debug|Any CPU
		Release|Any CPU = Release|Any CPU
	EndGlobalSection
	GlobalSection(ProjectConfigurationPlatforms) = postSolution
		{556810E1-F488-450A-804C-1BD5F5DD9202}.Debug|Any CPU.ActiveCfg = Debug|Any CPU
		{556810E1-F488-450A-804C-1BD5F5DD9202}.Debug|Any CPU.Build.0 = Debug|Any CPU
		{556810E1-F488-450A-804C-1BD5F5DD9202}.Release|Any CPU.ActiveCfg = Release|Any CPU
		{556810E1-F488-450A-804C-1BD5F5DD9202}.Release|Any CPU.Build.0 = Release|Any CPU
		{5CAB8A79-7CE8-41C1-AE10-97D63D0228EC}.Debug|Any CPU.ActiveCfg = Debug|Any CPU
		{5CAB8A79-7CE8-41C1-AE10-97D63D0228EC}.Debug|Any CPU.Build.0 = Debug|Any CPU
		{5CAB8A79-7CE8-41C1-AE10-97D63D0228EC}.Release|Any CPU.ActiveCfg = Release|Any CPU
		{5CAB8A79-7CE8-41C1-AE10-97D63D0228EC}.Release|Any CPU.Build.0 = Release|Any CPU
		{C031241B-D621-470F-AF6E-24CDE623B779}.Debug|Any CPU.ActiveCfg = Debug|Any CPU
		{C031241B-D621-470F-AF6E-24CDE623B779}.Debug|Any CPU.Build.0 = Debug|Any CPU
		{C031241B-D621-470F-AF6E-24CDE623B779}.Release|Any CPU.ActiveCfg = Release|Any CPU
		{C031241B-D621-470F-AF6E-24CDE623B779}.Release|Any CPU.Build.0 = Release|Any CPU
		{5268675D-BC51-4945-9660-EA3D379DE565}.Debug|Any CPU.ActiveCfg = Debug|Any CPU
		{5268675D-BC51-4945-9660-EA3D379DE565}.Debug|Any CPU.Build.0 = Debug|Any CPU
		{5268675D-BC51-4945-9660-EA3D379DE565}.Release|Any CPU.ActiveCfg = Release|Any CPU
		{5268675D-BC51-4945-9660-EA3D379DE565}.Release|Any CPU.Build.0 = Release|Any CPU
	EndGlobalSection
	GlobalSection(SolutionProperties) = preSolution
		HideSolutionNode = FALSE
	EndGlobalSection
EndGlobal
