
Microsoft Visual Studio Solution File, Format Version 12.00
# Visual Studio 2013
VisualStudioVersion = 12.0.30723.0
MinimumVisualStudioVersion = 10.0.40219.1
Project("{FAE04EC0-301F-11D3-BF4B-00C04F79EFBC}") = "1.StringBuilderExtensions", "1.StringBuilderExtensions.csproj", "{D1EB89C7-B4E3-4470-B2FF-620097E9757E}"
EndProject
Project("{FAE04EC0-301F-11D3-BF4B-00C04F79EFBC}") = "3-14.ClassStudent", "3.ClassStudent\3-14.ClassStudent.csproj", "{B10F7C34-8322-4C67-829F-D747614754E3}"
EndProject
Project("{FAE04EC0-301F-11D3-BF4B-00C04F79EFBC}") = "2.CustomLINQExtensionMethods", "2.CustomLINQExtensionMethods\2.CustomLINQExtensionMethods.csproj", "{9E4EBE12-C40F-4CA9-9379-62E9A4409119}"
EndProject
Global
	GlobalSection(SolutionConfigurationPlatforms) = preSolution
		Debug|Any CPU = Debug|Any CPU
		Release|Any CPU = Release|Any CPU
	EndGlobalSection
	GlobalSection(ProjectConfigurationPlatforms) = postSolution
		{D1EB89C7-B4E3-4470-B2FF-620097E9757E}.Debug|Any CPU.ActiveCfg = Debug|Any CPU
		{D1EB89C7-B4E3-4470-B2FF-620097E9757E}.Debug|Any CPU.Build.0 = Debug|Any CPU
		{D1EB89C7-B4E3-4470-B2FF-620097E9757E}.Release|Any CPU.ActiveCfg = Release|Any CPU
		{D1EB89C7-B4E3-4470-B2FF-620097E9757E}.Release|Any CPU.Build.0 = Release|Any CPU
		{B10F7C34-8322-4C67-829F-D747614754E3}.Debug|Any CPU.ActiveCfg = Debug|Any CPU
		{B10F7C34-8322-4C67-829F-D747614754E3}.Debug|Any CPU.Build.0 = Debug|Any CPU
		{B10F7C34-8322-4C67-829F-D747614754E3}.Release|Any CPU.ActiveCfg = Release|Any CPU
		{B10F7C34-8322-4C67-829F-D747614754E3}.Release|Any CPU.Build.0 = Release|Any CPU
		{9E4EBE12-C40F-4CA9-9379-62E9A4409119}.Debug|Any CPU.ActiveCfg = Debug|Any CPU
		{9E4EBE12-C40F-4CA9-9379-62E9A4409119}.Debug|Any CPU.Build.0 = Debug|Any CPU
		{9E4EBE12-C40F-4CA9-9379-62E9A4409119}.Release|Any CPU.ActiveCfg = Release|Any CPU
		{9E4EBE12-C40F-4CA9-9379-62E9A4409119}.Release|Any CPU.Build.0 = Release|Any CPU
	EndGlobalSection
	GlobalSection(SolutionProperties) = preSolution
		HideSolutionNode = FALSE
	EndGlobalSection
EndGlobal
